
Microsoft Visual Studio Solution File, Format Version 12.00
# Visual Studio Version 17
VisualStudioVersion = 17.14.36327.8
MinimumVisualStudioVersion = 10.0.40219.1
Project("{2150E333-8FDC-42A3-9474-1A3956D46DE8}") = ".SolutionItems", ".SolutionItems", "{02EA681E-C7D8-13C7-8484-4AC65E1B71E8}"
	ProjectSection(SolutionItems) = preProject
		.editorconfig = .editorconfig
		Directory.Build.props = Directory.Build.props
	EndProjectSection
EndProject
Project("{2150E333-8FDC-42A3-9474-1A3956D46DE8}") = "Core", "Core", "{B3252E6F-269E-4515-BCD0-F2AF3E78A1DA}"
EndProject
Project("{FAE04EC0-301F-11D3-BF4B-00C04F79EFBC}") = "ShoppingList2025.Core.Types", "Core\ShoppingList2025.Core.Types\ShoppingList2025.Core.Types.csproj", "{B1890E3E-A075-D746-4965-90AEAF3801D0}"
EndProject
Project("{FAE04EC0-301F-11D3-BF4B-00C04F79EFBC}") = "ShoppingList2025.Core.UI.Types", "Core\ShoppingList2025.Core.UI.Types\ShoppingList2025.Core.UI.Types.csproj", "{0E3A835B-D67C-5E2D-F628-322D8336CA3C}"
EndProject
Project("{FAE04EC0-301F-11D3-BF4B-00C04F79EFBC}") = "ShoppingList2025.Core", "Core\ShoppingList2025.Core\ShoppingList2025.Core.csproj", "{DFF0C140-EC34-6259-58B1-D6E298813100}"
EndProject
Project("{FAE04EC0-301F-11D3-BF4B-00C04F79EFBC}") = "ShoppingList2025.Core.UI.Blazor", "Core\ShoppingList2025.Core.UI.Blazor\ShoppingList2025.Core.UI.Blazor.csproj", "{2ED85D42-D72E-53CC-852B-7DDE7275F5D6}"
EndProject
Project("{FAE04EC0-301F-11D3-BF4B-00C04F79EFBC}") = "ShoppingList2025.Core.UI.Maui", "Core\ShoppingList2025.Core.UI.Maui\ShoppingList2025.Core.UI.Maui.csproj", "{D9A60C2F-943F-6BC1-6DCD-528D1644E74E}"
EndProject
Project("{2150E333-8FDC-42A3-9474-1A3956D46DE8}") = "Database", "Database", "{21D6A4AC-8F74-4B27-B4BA-17FE04A00AFD}"
EndProject
Project("{FAE04EC0-301F-11D3-BF4B-00C04F79EFBC}") = "ShoppingList2025.Database.Types", "Database\ShoppingList2025.Database.Types\ShoppingList2025.Database.Types.csproj", "{B9210229-84FA-B9CA-F96D-4B407B551F49}"
EndProject
Project("{FAE04EC0-301F-11D3-BF4B-00C04F79EFBC}") = "ShoppingList2025.Database", "Database\ShoppingList2025.Database\ShoppingList2025.Database.csproj", "{8ED95561-752A-7A99-3AB5-BC1CA5078CE7}"
EndProject
Project("{2150E333-8FDC-42A3-9474-1A3956D46DE8}") = "App", "App", "{A9E2E0D3-9647-42AC-8D69-23EE48623CBF}"
EndProject
Project("{FAE04EC0-301F-11D3-BF4B-00C04F79EFBC}") = "ShoppingList2025.Shared", "App\ShoppingList2025.Shared\ShoppingList2025.Shared.csproj", "{3EED6F2A-2964-B2F9-91CB-B34E7EAF54EA}"
EndProject
Project("{FAE04EC0-301F-11D3-BF4B-00C04F79EFBC}") = "ShoppingList2025", "App\ShoppingList2025\ShoppingList2025.csproj", "{C85F880D-7CE7-9626-03AB-2995DEE11759}"
EndProject
Project("{FAE04EC0-301F-11D3-BF4B-00C04F79EFBC}") = "ShoppingList2025.Web", "App\ShoppingList2025.Web\ShoppingList2025.Web.csproj", "{F6F968D4-54E9-26BF-8BB8-78C2F37E321E}"
EndProject
Project("{FAE04EC0-301F-11D3-BF4B-00C04F79EFBC}") = "DatabaseMigrationHelper", "Database\DataBaseMigrationHelper\DatabaseMigrationHelper.csproj", "{C8136BFC-7AFB-B3F4-C481-36F8F8C2B897}"
EndProject
Global
	GlobalSection(SolutionConfigurationPlatforms) = preSolution
		Debug|Any CPU = Debug|Any CPU
		Release|Any CPU = Release|Any CPU
	EndGlobalSection
	GlobalSection(ProjectConfigurationPlatforms) = postSolution
		{B1890E3E-A075-D746-4965-90AEAF3801D0}.Debug|Any CPU.ActiveCfg = Debug|Any CPU
		{B1890E3E-A075-D746-4965-90AEAF3801D0}.Debug|Any CPU.Build.0 = Debug|Any CPU
		{B1890E3E-A075-D746-4965-90AEAF3801D0}.Release|Any CPU.ActiveCfg = Release|Any CPU
		{B1890E3E-A075-D746-4965-90AEAF3801D0}.Release|Any CPU.Build.0 = Release|Any CPU
		{0E3A835B-D67C-5E2D-F628-322D8336CA3C}.Debug|Any CPU.ActiveCfg = Debug|Any CPU
		{0E3A835B-D67C-5E2D-F628-322D8336CA3C}.Debug|Any CPU.Build.0 = Debug|Any CPU
		{0E3A835B-D67C-5E2D-F628-322D8336CA3C}.Release|Any CPU.ActiveCfg = Release|Any CPU
		{0E3A835B-D67C-5E2D-F628-322D8336CA3C}.Release|Any CPU.Build.0 = Release|Any CPU
		{DFF0C140-EC34-6259-58B1-D6E298813100}.Debug|Any CPU.ActiveCfg = Debug|Any CPU
		{DFF0C140-EC34-6259-58B1-D6E298813100}.Debug|Any CPU.Build.0 = Debug|Any CPU
		{DFF0C140-EC34-6259-58B1-D6E298813100}.Release|Any CPU.ActiveCfg = Release|Any CPU
		{DFF0C140-EC34-6259-58B1-D6E298813100}.Release|Any CPU.Build.0 = Release|Any CPU
		{2ED85D42-D72E-53CC-852B-7DDE7275F5D6}.Debug|Any CPU.ActiveCfg = Debug|Any CPU
		{2ED85D42-D72E-53CC-852B-7DDE7275F5D6}.Debug|Any CPU.Build.0 = Debug|Any CPU
		{2ED85D42-D72E-53CC-852B-7DDE7275F5D6}.Release|Any CPU.ActiveCfg = Release|Any CPU
		{2ED85D42-D72E-53CC-852B-7DDE7275F5D6}.Release|Any CPU.Build.0 = Release|Any CPU
		{D9A60C2F-943F-6BC1-6DCD-528D1644E74E}.Debug|Any CPU.ActiveCfg = Debug|Any CPU
		{D9A60C2F-943F-6BC1-6DCD-528D1644E74E}.Debug|Any CPU.Build.0 = Debug|Any CPU
		{D9A60C2F-943F-6BC1-6DCD-528D1644E74E}.Release|Any CPU.ActiveCfg = Release|Any CPU
		{D9A60C2F-943F-6BC1-6DCD-528D1644E74E}.Release|Any CPU.Build.0 = Release|Any CPU
		{B9210229-84FA-B9CA-F96D-4B407B551F49}.Debug|Any CPU.ActiveCfg = Debug|Any CPU
		{B9210229-84FA-B9CA-F96D-4B407B551F49}.Debug|Any CPU.Build.0 = Debug|Any CPU
		{B9210229-84FA-B9CA-F96D-4B407B551F49}.Release|Any CPU.ActiveCfg = Release|Any CPU
		{B9210229-84FA-B9CA-F96D-4B407B551F49}.Release|Any CPU.Build.0 = Release|Any CPU
		{8ED95561-752A-7A99-3AB5-BC1CA5078CE7}.Debug|Any CPU.ActiveCfg = Debug|Any CPU
		{8ED95561-752A-7A99-3AB5-BC1CA5078CE7}.Debug|Any CPU.Build.0 = Debug|Any CPU
		{8ED95561-752A-7A99-3AB5-BC1CA5078CE7}.Release|Any CPU.ActiveCfg = Release|Any CPU
		{8ED95561-752A-7A99-3AB5-BC1CA5078CE7}.Release|Any CPU.Build.0 = Release|Any CPU
		{3EED6F2A-2964-B2F9-91CB-B34E7EAF54EA}.Debug|Any CPU.ActiveCfg = Debug|Any CPU
		{3EED6F2A-2964-B2F9-91CB-B34E7EAF54EA}.Debug|Any CPU.Build.0 = Debug|Any CPU
		{3EED6F2A-2964-B2F9-91CB-B34E7EAF54EA}.Release|Any CPU.ActiveCfg = Release|Any CPU
		{3EED6F2A-2964-B2F9-91CB-B34E7EAF54EA}.Release|Any CPU.Build.0 = Release|Any CPU
		{C85F880D-7CE7-9626-03AB-2995DEE11759}.Debug|Any CPU.ActiveCfg = Debug|Any CPU
		{C85F880D-7CE7-9626-03AB-2995DEE11759}.Debug|Any CPU.Build.0 = Debug|Any CPU
		{C85F880D-7CE7-9626-03AB-2995DEE11759}.Release|Any CPU.ActiveCfg = Release|Any CPU
		{C85F880D-7CE7-9626-03AB-2995DEE11759}.Release|Any CPU.Build.0 = Release|Any CPU
		{F6F968D4-54E9-26BF-8BB8-78C2F37E321E}.Debug|Any CPU.ActiveCfg = Debug|Any CPU
		{F6F968D4-54E9-26BF-8BB8-78C2F37E321E}.Debug|Any CPU.Build.0 = Debug|Any CPU
		{F6F968D4-54E9-26BF-8BB8-78C2F37E321E}.Release|Any CPU.ActiveCfg = Release|Any CPU
		{F6F968D4-54E9-26BF-8BB8-78C2F37E321E}.Release|Any CPU.Build.0 = Release|Any CPU
		{C8136BFC-7AFB-B3F4-C481-36F8F8C2B897}.Debug|Any CPU.ActiveCfg = Debug|Any CPU
		{C8136BFC-7AFB-B3F4-C481-36F8F8C2B897}.Debug|Any CPU.Build.0 = Debug|Any CPU
		{C8136BFC-7AFB-B3F4-C481-36F8F8C2B897}.Release|Any CPU.ActiveCfg = Release|Any CPU
		{C8136BFC-7AFB-B3F4-C481-36F8F8C2B897}.Release|Any CPU.Build.0 = Release|Any CPU
	EndGlobalSection
	GlobalSection(SolutionProperties) = preSolution
		HideSolutionNode = FALSE
	EndGlobalSection
	GlobalSection(NestedProjects) = preSolution
		{B1890E3E-A075-D746-4965-90AEAF3801D0} = {B3252E6F-269E-4515-BCD0-F2AF3E78A1DA}
		{0E3A835B-D67C-5E2D-F628-322D8336CA3C} = {B3252E6F-269E-4515-BCD0-F2AF3E78A1DA}
		{DFF0C140-EC34-6259-58B1-D6E298813100} = {B3252E6F-269E-4515-BCD0-F2AF3E78A1DA}
		{2ED85D42-D72E-53CC-852B-7DDE7275F5D6} = {B3252E6F-269E-4515-BCD0-F2AF3E78A1DA}
		{D9A60C2F-943F-6BC1-6DCD-528D1644E74E} = {B3252E6F-269E-4515-BCD0-F2AF3E78A1DA}
		{B9210229-84FA-B9CA-F96D-4B407B551F49} = {21D6A4AC-8F74-4B27-B4BA-17FE04A00AFD}
		{8ED95561-752A-7A99-3AB5-BC1CA5078CE7} = {21D6A4AC-8F74-4B27-B4BA-17FE04A00AFD}
		{3EED6F2A-2964-B2F9-91CB-B34E7EAF54EA} = {A9E2E0D3-9647-42AC-8D69-23EE48623CBF}
		{C85F880D-7CE7-9626-03AB-2995DEE11759} = {A9E2E0D3-9647-42AC-8D69-23EE48623CBF}
		{F6F968D4-54E9-26BF-8BB8-78C2F37E321E} = {A9E2E0D3-9647-42AC-8D69-23EE48623CBF}
		{C8136BFC-7AFB-B3F4-C481-36F8F8C2B897} = {21D6A4AC-8F74-4B27-B4BA-17FE04A00AFD}
	EndGlobalSection
	GlobalSection(ExtensibilityGlobals) = postSolution
		SolutionGuid = {291BDFD8-BAB9-49E6-979C-C3B05894FFB1}
	EndGlobalSection
EndGlobal
