
Microsoft Visual Studio Solution File, Format Version 12.00
# Visual Studio Version 17
VisualStudioVersion = 17.14.36327.8
MinimumVisualStudioVersion = 10.0.40219.1
Project("{FAE04EC0-301F-11D3-BF4B-00C04F79EFBC}") = "ShoppingList2025.Maui", "ShoppingList2025\ShoppingList2025\ShoppingList2025.Maui.csproj", "{C0F86B62-8487-461A-86CC-252C996FAEFA}"
EndProject
Project("{FAE04EC0-301F-11D3-BF4B-00C04F79EFBC}") = "ShoppingList2025.Shared", "ShoppingList2025\ShoppingList2025.Shared\ShoppingList2025.Shared.csproj", "{C5944732-352F-4289-B1E0-BBFFDD4D5FBC}"
EndProject
Project("{FAE04EC0-301F-11D3-BF4B-00C04F79EFBC}") = "ShoppingList2025.Web", "ShoppingList2025\ShoppingList2025.Web\ShoppingList2025.Web.csproj", "{31A0224E-227F-49F6-B1BC-A83B00845DB9}"
EndProject
Project("{2150E333-8FDC-42A3-9474-1A3956D46DE8}") = ".SolutionItems", ".SolutionItems", "{02EA681E-C7D8-13C7-8484-4AC65E1B71E8}"
	ProjectSection(SolutionItems) = preProject
		.editorconfig = .editorconfig
		Directory.Build.props = Directory.Build.props
	EndProjectSection
EndProject
Project("{2150E333-8FDC-42A3-9474-1A3956D46DE8}") = "Application", "Application", "{15FDA4B5-77B8-40A3-91B7-7F9C1846879E}"
EndProject
Global
	GlobalSection(SolutionConfigurationPlatforms) = preSolution
		Debug|Any CPU = Debug|Any CPU
		Release|Any CPU = Release|Any CPU
	EndGlobalSection
	GlobalSection(ProjectConfigurationPlatforms) = postSolution
		{C0F86B62-8487-461A-86CC-252C996FAEFA}.Debug|Any CPU.ActiveCfg = Debug|Any CPU
		{C0F86B62-8487-461A-86CC-252C996FAEFA}.Debug|Any CPU.Build.0 = Debug|Any CPU
		{C0F86B62-8487-461A-86CC-252C996FAEFA}.Debug|Any CPU.Deploy.0 = Debug|Any CPU
		{C0F86B62-8487-461A-86CC-252C996FAEFA}.Release|Any CPU.ActiveCfg = Release|Any CPU
		{C0F86B62-8487-461A-86CC-252C996FAEFA}.Release|Any CPU.Build.0 = Release|Any CPU
		{C5944732-352F-4289-B1E0-BBFFDD4D5FBC}.Debug|Any CPU.ActiveCfg = Debug|Any CPU
		{C5944732-352F-4289-B1E0-BBFFDD4D5FBC}.Debug|Any CPU.Build.0 = Debug|Any CPU
		{C5944732-352F-4289-B1E0-BBFFDD4D5FBC}.Release|Any CPU.ActiveCfg = Release|Any CPU
		{C5944732-352F-4289-B1E0-BBFFDD4D5FBC}.Release|Any CPU.Build.0 = Release|Any CPU
		{31A0224E-227F-49F6-B1BC-A83B00845DB9}.Debug|Any CPU.ActiveCfg = Debug|Any CPU
		{31A0224E-227F-49F6-B1BC-A83B00845DB9}.Debug|Any CPU.Build.0 = Debug|Any CPU
		{31A0224E-227F-49F6-B1BC-A83B00845DB9}.Release|Any CPU.ActiveCfg = Release|Any CPU
		{31A0224E-227F-49F6-B1BC-A83B00845DB9}.Release|Any CPU.Build.0 = Release|Any CPU
	EndGlobalSection
	GlobalSection(SolutionProperties) = preSolution
		HideSolutionNode = FALSE
	EndGlobalSection
	GlobalSection(NestedProjects) = preSolution
		{C0F86B62-8487-461A-86CC-252C996FAEFA} = {15FDA4B5-77B8-40A3-91B7-7F9C1846879E}
		{C5944732-352F-4289-B1E0-BBFFDD4D5FBC} = {15FDA4B5-77B8-40A3-91B7-7F9C1846879E}
		{31A0224E-227F-49F6-B1BC-A83B00845DB9} = {15FDA4B5-77B8-40A3-91B7-7F9C1846879E}
	EndGlobalSection
	GlobalSection(ExtensibilityGlobals) = postSolution
		SolutionGuid = {291BDFD8-BAB9-49E6-979C-C3B05894FFB1}
	EndGlobalSection
EndGlobal
